
Microsoft Visual Studio Solution File, Format Version 12.00
# Visual Studio 2013
VisualStudioVersion = 12.0.21005.1
MinimumVisualStudioVersion = 10.0.40219.1
Project("{FAE04EC0-301F-11D3-BF4B-00C04F79EFBC}") = "MvcUnitTestApplication", "MvcUnitTestApplication\MvcUnitTestApplication.csproj", "{4CE36847-2A9C-4FE5-9815-BDF6C2645685}"
EndProject
Project("{FAE04EC0-301F-11D3-BF4B-00C04F79EFBC}") = "MvcUnitTestApplication.Tests", "MvcUnitTestApplication.Tests\MvcUnitTestApplication.Tests.csproj", "{F2DC47AD-8F6C-4F59-8D23-7B57927E5311}"
EndProject
Global
	GlobalSection(SolutionConfigurationPlatforms) = preSolution
		Debug|Any CPU = Debug|Any CPU
		Release|Any CPU = Release|Any CPU
	EndGlobalSection
	GlobalSection(ProjectConfigurationPlatforms) = postSolution
		{4CE36847-2A9C-4FE5-9815-BDF6C2645685}.Debug|Any CPU.ActiveCfg = Debug|Any CPU
		{4CE36847-2A9C-4FE5-9815-BDF6C2645685}.Debug|Any CPU.Build.0 = Debug|Any CPU
		{4CE36847-2A9C-4FE5-9815-BDF6C2645685}.Release|Any CPU.ActiveCfg = Release|Any CPU
		{4CE36847-2A9C-4FE5-9815-BDF6C2645685}.Release|Any CPU.Build.0 = Release|Any CPU
		{F2DC47AD-8F6C-4F59-8D23-7B57927E5311}.Debug|Any CPU.ActiveCfg = Debug|Any CPU
		{F2DC47AD-8F6C-4F59-8D23-7B57927E5311}.Debug|Any CPU.Build.0 = Debug|Any CPU
		{F2DC47AD-8F6C-4F59-8D23-7B57927E5311}.Release|Any CPU.ActiveCfg = Release|Any CPU
		{F2DC47AD-8F6C-4F59-8D23-7B57927E5311}.Release|Any CPU.Build.0 = Release|Any CPU
	EndGlobalSection
	GlobalSection(SolutionProperties) = preSolution
		HideSolutionNode = FALSE
	EndGlobalSection
EndGlobal
